
Microsoft Visual Studio Solution File, Format Version 12.00
# Visual Studio Version 16
VisualStudioVersion = 16.0.31205.134
MinimumVisualStudioVersion = 10.0.40219.1
Project("{9A19103F-16F7-4668-BE54-9A1E7A4F7556}") = "EDUMAWEBAPI", "EDUMAWEBAPI\EDUMAWEBAPI.csproj", "{EBFDFF9C-38AF-436C-B8C6-7B50CFE788C1}"
EndProject
Project("{FAE04EC0-301F-11D3-BF4B-00C04F79EFBC}") = "EdumaTest", "EdumaTest\EdumaTest.csproj", "{94DFD2D4-9F4C-42B8-9D88-44024F6ECB64}"
EndProject
Global
	GlobalSection(SolutionConfigurationPlatforms) = preSolution
		Debug|Any CPU = Debug|Any CPU
		Release|Any CPU = Release|Any CPU
	EndGlobalSection
	GlobalSection(ProjectConfigurationPlatforms) = postSolution
		{EBFDFF9C-38AF-436C-B8C6-7B50CFE788C1}.Debug|Any CPU.ActiveCfg = Debug|Any CPU
		{EBFDFF9C-38AF-436C-B8C6-7B50CFE788C1}.Debug|Any CPU.Build.0 = Debug|Any CPU
		{EBFDFF9C-38AF-436C-B8C6-7B50CFE788C1}.Release|Any CPU.ActiveCfg = Release|Any CPU
		{EBFDFF9C-38AF-436C-B8C6-7B50CFE788C1}.Release|Any CPU.Build.0 = Release|Any CPU
		{94DFD2D4-9F4C-42B8-9D88-44024F6ECB64}.Debug|Any CPU.ActiveCfg = Debug|Any CPU
		{94DFD2D4-9F4C-42B8-9D88-44024F6ECB64}.Debug|Any CPU.Build.0 = Debug|Any CPU
		{94DFD2D4-9F4C-42B8-9D88-44024F6ECB64}.Release|Any CPU.ActiveCfg = Release|Any CPU
		{94DFD2D4-9F4C-42B8-9D88-44024F6ECB64}.Release|Any CPU.Build.0 = Release|Any CPU
	EndGlobalSection
	GlobalSection(SolutionProperties) = preSolution
		HideSolutionNode = FALSE
	EndGlobalSection
	GlobalSection(ExtensibilityGlobals) = postSolution
		SolutionGuid = {8AD00C86-35BB-4F82-9585-12FC01038329}
	EndGlobalSection
EndGlobal
